
Microsoft Visual Studio Solution File, Format Version 12.00
# Visual Studio Version 18
VisualStudioVersion = 18.3.11512.155
MinimumVisualStudioVersion = 10.0.40219.1
Project("{2150E333-8FDC-42A3-9474-1A3956D46DE8}") = "CreationalPatterns", "CreationalPatterns", "{02EA681E-C7D8-13C7-8484-4AC65E1B71E8}"
EndProject
Project("{FAE04EC0-301F-11D3-BF4B-00C04F79EFBC}") = "AbstractFactoryPattern", "CreationalPatterns\AbstractFactoryPattern\AbstractFactoryPattern.csproj", "{86D42AC6-DC07-4713-035B-1921CD5A93FE}"
EndProject
Project("{FAE04EC0-301F-11D3-BF4B-00C04F79EFBC}") = "BuilderPattern", "CreationalPatterns\BuilderPattern\BuilderPattern.csproj", "{8B2BCF2F-8212-0A5E-AA15-94BABE3AF832}"
EndProject
Project("{2150E333-8FDC-42A3-9474-1A3956D46DE8}") = "StructuralPatterns", "StructuralPatterns", "{2D19FFDA-5509-4407-953C-A53C0D2D4B5E}"
EndProject
Project("{FAE04EC0-301F-11D3-BF4B-00C04F79EFBC}") = "AdapterPattern", "StructuralPatterns\AdapterPattern\AdapterPattern.csproj", "{511E6F7E-E78E-422C-84A5-FF6E65FE1FFE}"
EndProject
Project("{2150E333-8FDC-42A3-9474-1A3956D46DE8}") = "BehavioralPatterns", "BehavioralPatterns", "{D11C58B6-4DE2-4C4A-BBF1-F54D20438AFD}"
EndProject
Project("{FAE04EC0-301F-11D3-BF4B-00C04F79EFBC}") = "StrategyPattern", "BehavioralPatterns\StrategyPattern\StrategyPattern.csproj", "{5B4D9B96-F140-40F1-B9E9-8636F1BC9C69}"
EndProject
Project("{FAE04EC0-301F-11D3-BF4B-00C04F79EFBC}") = "ObserverPattern", "BehavioralPatterns\ObserverPattern\ObserverPattern.csproj", "{C4145615-CADF-DFE6-EF3C-AC3CAE589032}"
EndProject
Global
	GlobalSection(SolutionConfigurationPlatforms) = preSolution
		Debug|Any CPU = Debug|Any CPU
		Release|Any CPU = Release|Any CPU
	EndGlobalSection
	GlobalSection(ProjectConfigurationPlatforms) = postSolution
		{86D42AC6-DC07-4713-035B-1921CD5A93FE}.Debug|Any CPU.ActiveCfg = Debug|Any CPU
		{86D42AC6-DC07-4713-035B-1921CD5A93FE}.Debug|Any CPU.Build.0 = Debug|Any CPU
		{86D42AC6-DC07-4713-035B-1921CD5A93FE}.Release|Any CPU.ActiveCfg = Release|Any CPU
		{86D42AC6-DC07-4713-035B-1921CD5A93FE}.Release|Any CPU.Build.0 = Release|Any CPU
		{8B2BCF2F-8212-0A5E-AA15-94BABE3AF832}.Debug|Any CPU.ActiveCfg = Debug|Any CPU
		{8B2BCF2F-8212-0A5E-AA15-94BABE3AF832}.Debug|Any CPU.Build.0 = Debug|Any CPU
		{8B2BCF2F-8212-0A5E-AA15-94BABE3AF832}.Release|Any CPU.ActiveCfg = Release|Any CPU
		{8B2BCF2F-8212-0A5E-AA15-94BABE3AF832}.Release|Any CPU.Build.0 = Release|Any CPU
		{511E6F7E-E78E-422C-84A5-FF6E65FE1FFE}.Debug|Any CPU.ActiveCfg = Debug|Any CPU
		{511E6F7E-E78E-422C-84A5-FF6E65FE1FFE}.Debug|Any CPU.Build.0 = Debug|Any CPU
		{511E6F7E-E78E-422C-84A5-FF6E65FE1FFE}.Release|Any CPU.ActiveCfg = Release|Any CPU
		{511E6F7E-E78E-422C-84A5-FF6E65FE1FFE}.Release|Any CPU.Build.0 = Release|Any CPU
		{5B4D9B96-F140-40F1-B9E9-8636F1BC9C69}.Debug|Any CPU.ActiveCfg = Debug|Any CPU
		{5B4D9B96-F140-40F1-B9E9-8636F1BC9C69}.Debug|Any CPU.Build.0 = Debug|Any CPU
		{5B4D9B96-F140-40F1-B9E9-8636F1BC9C69}.Release|Any CPU.ActiveCfg = Release|Any CPU
		{5B4D9B96-F140-40F1-B9E9-8636F1BC9C69}.Release|Any CPU.Build.0 = Release|Any CPU
		{C4145615-CADF-DFE6-EF3C-AC3CAE589032}.Debug|Any CPU.ActiveCfg = Debug|Any CPU
		{C4145615-CADF-DFE6-EF3C-AC3CAE589032}.Debug|Any CPU.Build.0 = Debug|Any CPU
		{C4145615-CADF-DFE6-EF3C-AC3CAE589032}.Release|Any CPU.ActiveCfg = Release|Any CPU
		{C4145615-CADF-DFE6-EF3C-AC3CAE589032}.Release|Any CPU.Build.0 = Release|Any CPU
	EndGlobalSection
	GlobalSection(SolutionProperties) = preSolution
		HideSolutionNode = FALSE
	EndGlobalSection
	GlobalSection(NestedProjects) = preSolution
		{86D42AC6-DC07-4713-035B-1921CD5A93FE} = {02EA681E-C7D8-13C7-8484-4AC65E1B71E8}
		{8B2BCF2F-8212-0A5E-AA15-94BABE3AF832} = {02EA681E-C7D8-13C7-8484-4AC65E1B71E8}
		{511E6F7E-E78E-422C-84A5-FF6E65FE1FFE} = {2D19FFDA-5509-4407-953C-A53C0D2D4B5E}
		{5B4D9B96-F140-40F1-B9E9-8636F1BC9C69} = {D11C58B6-4DE2-4C4A-BBF1-F54D20438AFD}
		{C4145615-CADF-DFE6-EF3C-AC3CAE589032} = {D11C58B6-4DE2-4C4A-BBF1-F54D20438AFD}
	EndGlobalSection
	GlobalSection(ExtensibilityGlobals) = postSolution
		SolutionGuid = {E6013FEC-B4C5-49A3-B201-4F3429AB4347}
	EndGlobalSection
EndGlobal
