
Microsoft Visual Studio Solution File, Format Version 12.00
# Visual Studio Version 18
VisualStudioVersion = 18.3.11505.172 d18.3
MinimumVisualStudioVersion = 10.0.40219.1
Project("{2150E333-8FDC-42A3-9474-1A3956D46DE8}") = "CreationalPatterns", "CreationalPatterns", "{02EA681E-C7D8-13C7-8484-4AC65E1B71E8}"
EndProject
Project("{FAE04EC0-301F-11D3-BF4B-00C04F79EFBC}") = "AbstractFactoryPattern", "CreationalPatterns\AbstractFactoryPattern.csproj", "{5777E7D1-C790-A528-8674-F1033AF2A055}"
EndProject
Project("{FAE04EC0-301F-11D3-BF4B-00C04F79EFBC}") = "BuilderPattern", "BuilderPattern\BuilderPattern.csproj", "{23E81243-7194-4294-9CC5-8DC193CCBEE0}"
EndProject
Global
	GlobalSection(SolutionConfigurationPlatforms) = preSolution
		Debug|Any CPU = Debug|Any CPU
		Release|Any CPU = Release|Any CPU
	EndGlobalSection
	GlobalSection(ProjectConfigurationPlatforms) = postSolution
		{5777E7D1-C790-A528-8674-F1033AF2A055}.Debug|Any CPU.ActiveCfg = Debug|Any CPU
		{5777E7D1-C790-A528-8674-F1033AF2A055}.Debug|Any CPU.Build.0 = Debug|Any CPU
		{5777E7D1-C790-A528-8674-F1033AF2A055}.Release|Any CPU.ActiveCfg = Release|Any CPU
		{5777E7D1-C790-A528-8674-F1033AF2A055}.Release|Any CPU.Build.0 = Release|Any CPU
		{23E81243-7194-4294-9CC5-8DC193CCBEE0}.Debug|Any CPU.ActiveCfg = Debug|Any CPU
		{23E81243-7194-4294-9CC5-8DC193CCBEE0}.Debug|Any CPU.Build.0 = Debug|Any CPU
		{23E81243-7194-4294-9CC5-8DC193CCBEE0}.Release|Any CPU.ActiveCfg = Release|Any CPU
		{23E81243-7194-4294-9CC5-8DC193CCBEE0}.Release|Any CPU.Build.0 = Release|Any CPU
	EndGlobalSection
	GlobalSection(SolutionProperties) = preSolution
		HideSolutionNode = FALSE
	EndGlobalSection
	GlobalSection(NestedProjects) = preSolution
		{5777E7D1-C790-A528-8674-F1033AF2A055} = {02EA681E-C7D8-13C7-8484-4AC65E1B71E8}
		{23E81243-7194-4294-9CC5-8DC193CCBEE0} = {02EA681E-C7D8-13C7-8484-4AC65E1B71E8}
	EndGlobalSection
	GlobalSection(ExtensibilityGlobals) = postSolution
		SolutionGuid = {E6013FEC-B4C5-49A3-B201-4F3429AB4347}
	EndGlobalSection
EndGlobal
